
Microsoft Visual Studio Solution File, Format Version 12.00
# Visual Studio Version 17
VisualStudioVersion = 17.0.32112.339
MinimumVisualStudioVersion = 10.0.40219.1
Project("{9A19103F-16F7-4668-BE54-9A1E7A4F7556}") = "CommonUtil", "CommonUtil\CommonUtil.csproj", "{F483C7B6-18B0-4710-8EB3-CDDB22F7825D}"
EndProject
Project("{9A19103F-16F7-4668-BE54-9A1E7A4F7556}") = "TestConsoleApp", "TestConsoleApp\TestConsoleApp.csproj", "{EF1E90A1-5390-424A-9E2D-D8B61724E862}"
EndProject
Project("{9A19103F-16F7-4668-BE54-9A1E7A4F7556}") = "CommonUITools", "..\CommonUITools\CommonUITools\CommonUITools.csproj", "{46116AAA-A878-4F57-9C6E-912D56182345}"
EndProject
Project("{9A19103F-16F7-4668-BE54-9A1E7A4F7556}") = "SimpleFileSystemServer", "SimpleFileSystemServer\SimpleFileSystemServer.csproj", "{AA5E726A-1F66-4A02-AA92-83166189A991}"
EndProject
Project("{9A19103F-16F7-4668-BE54-9A1E7A4F7556}") = "SimpleFileSystemServerTests", "SimpleFileSystemServerTests\SimpleFileSystemServerTests.csproj", "{DF9CB678-CC2F-415E-92BD-27D2080AB1D4}"
EndProject
Project("{9A19103F-16F7-4668-BE54-9A1E7A4F7556}") = "CommonUIToolsTests", "..\CommonUITools\CommonUIToolsTests\CommonUIToolsTests.csproj", "{CD17E702-0DAF-44C7-AF48-BEF50E922C1A}"
EndProject
Project("{2150E333-8FDC-42A3-9474-1A3956D46DE8}") = "Solution Items", "Solution Items", "{566ECEA7-7059-4CB4-9808-DA543A7FF2A9}"
	ProjectSection(SolutionItems) = preProject
		.editorconfig = .editorconfig
	EndProjectSection
EndProject
Project("{2150E333-8FDC-42A3-9474-1A3956D46DE8}") = "SimpleFileSystemServer", "SimpleFileSystemServer", "{1AB7B224-928C-4A45-9F1B-67693ED318A2}"
EndProject
Global
	GlobalSection(SolutionConfigurationPlatforms) = preSolution
		Debug|Any CPU = Debug|Any CPU
		Debug|x64 = Debug|x64
		Release|Any CPU = Release|Any CPU
		Release|x64 = Release|x64
	EndGlobalSection
	GlobalSection(ProjectConfigurationPlatforms) = postSolution
		{F483C7B6-18B0-4710-8EB3-CDDB22F7825D}.Debug|Any CPU.ActiveCfg = Debug|x64
		{F483C7B6-18B0-4710-8EB3-CDDB22F7825D}.Debug|Any CPU.Build.0 = Debug|x64
		{F483C7B6-18B0-4710-8EB3-CDDB22F7825D}.Debug|x64.ActiveCfg = Debug|x64
		{F483C7B6-18B0-4710-8EB3-CDDB22F7825D}.Debug|x64.Build.0 = Debug|x64
		{F483C7B6-18B0-4710-8EB3-CDDB22F7825D}.Release|Any CPU.ActiveCfg = Release|Any CPU
		{F483C7B6-18B0-4710-8EB3-CDDB22F7825D}.Release|Any CPU.Build.0 = Release|Any CPU
		{F483C7B6-18B0-4710-8EB3-CDDB22F7825D}.Release|x64.ActiveCfg = Release|x64
		{F483C7B6-18B0-4710-8EB3-CDDB22F7825D}.Release|x64.Build.0 = Release|x64
		{EF1E90A1-5390-424A-9E2D-D8B61724E862}.Debug|Any CPU.ActiveCfg = Debug|Any CPU
		{EF1E90A1-5390-424A-9E2D-D8B61724E862}.Debug|Any CPU.Build.0 = Debug|Any CPU
		{EF1E90A1-5390-424A-9E2D-D8B61724E862}.Debug|x64.ActiveCfg = Debug|Any CPU
		{EF1E90A1-5390-424A-9E2D-D8B61724E862}.Debug|x64.Build.0 = Debug|Any CPU
		{EF1E90A1-5390-424A-9E2D-D8B61724E862}.Release|Any CPU.ActiveCfg = Release|Any CPU
		{EF1E90A1-5390-424A-9E2D-D8B61724E862}.Release|Any CPU.Build.0 = Release|Any CPU
		{EF1E90A1-5390-424A-9E2D-D8B61724E862}.Release|x64.ActiveCfg = Release|Any CPU
		{EF1E90A1-5390-424A-9E2D-D8B61724E862}.Release|x64.Build.0 = Release|Any CPU
		{46116AAA-A878-4F57-9C6E-912D56182345}.Debug|Any CPU.ActiveCfg = Debug|Any CPU
		{46116AAA-A878-4F57-9C6E-912D56182345}.Debug|Any CPU.Build.0 = Debug|Any CPU
		{46116AAA-A878-4F57-9C6E-912D56182345}.Debug|x64.ActiveCfg = Debug|x64
		{46116AAA-A878-4F57-9C6E-912D56182345}.Debug|x64.Build.0 = Debug|x64
		{46116AAA-A878-4F57-9C6E-912D56182345}.Release|Any CPU.ActiveCfg = Release|Any CPU
		{46116AAA-A878-4F57-9C6E-912D56182345}.Release|Any CPU.Build.0 = Release|Any CPU
		{46116AAA-A878-4F57-9C6E-912D56182345}.Release|x64.ActiveCfg = Release|x64
		{46116AAA-A878-4F57-9C6E-912D56182345}.Release|x64.Build.0 = Release|x64
		{AA5E726A-1F66-4A02-AA92-83166189A991}.Debug|Any CPU.ActiveCfg = Debug|Any CPU
		{AA5E726A-1F66-4A02-AA92-83166189A991}.Debug|Any CPU.Build.0 = Debug|Any CPU
		{AA5E726A-1F66-4A02-AA92-83166189A991}.Debug|x64.ActiveCfg = Debug|Any CPU
		{AA5E726A-1F66-4A02-AA92-83166189A991}.Debug|x64.Build.0 = Debug|Any CPU
		{AA5E726A-1F66-4A02-AA92-83166189A991}.Release|Any CPU.ActiveCfg = Release|Any CPU
		{AA5E726A-1F66-4A02-AA92-83166189A991}.Release|Any CPU.Build.0 = Release|Any CPU
		{AA5E726A-1F66-4A02-AA92-83166189A991}.Release|x64.ActiveCfg = Release|Any CPU
		{AA5E726A-1F66-4A02-AA92-83166189A991}.Release|x64.Build.0 = Release|Any CPU
		{DF9CB678-CC2F-415E-92BD-27D2080AB1D4}.Debug|Any CPU.ActiveCfg = Debug|Any CPU
		{DF9CB678-CC2F-415E-92BD-27D2080AB1D4}.Debug|Any CPU.Build.0 = Debug|Any CPU
		{DF9CB678-CC2F-415E-92BD-27D2080AB1D4}.Debug|x64.ActiveCfg = Debug|Any CPU
		{DF9CB678-CC2F-415E-92BD-27D2080AB1D4}.Debug|x64.Build.0 = Debug|Any CPU
		{DF9CB678-CC2F-415E-92BD-27D2080AB1D4}.Release|Any CPU.ActiveCfg = Release|Any CPU
		{DF9CB678-CC2F-415E-92BD-27D2080AB1D4}.Release|Any CPU.Build.0 = Release|Any CPU
		{DF9CB678-CC2F-415E-92BD-27D2080AB1D4}.Release|x64.ActiveCfg = Release|Any CPU
		{DF9CB678-CC2F-415E-92BD-27D2080AB1D4}.Release|x64.Build.0 = Release|Any CPU
		{CD17E702-0DAF-44C7-AF48-BEF50E922C1A}.Debug|Any CPU.ActiveCfg = Debug|Any CPU
		{CD17E702-0DAF-44C7-AF48-BEF50E922C1A}.Debug|Any CPU.Build.0 = Debug|Any CPU
		{CD17E702-0DAF-44C7-AF48-BEF50E922C1A}.Debug|x64.ActiveCfg = Debug|Any CPU
		{CD17E702-0DAF-44C7-AF48-BEF50E922C1A}.Debug|x64.Build.0 = Debug|Any CPU
		{CD17E702-0DAF-44C7-AF48-BEF50E922C1A}.Release|Any CPU.ActiveCfg = Release|Any CPU
		{CD17E702-0DAF-44C7-AF48-BEF50E922C1A}.Release|Any CPU.Build.0 = Release|Any CPU
		{CD17E702-0DAF-44C7-AF48-BEF50E922C1A}.Release|x64.ActiveCfg = Release|Any CPU
		{CD17E702-0DAF-44C7-AF48-BEF50E922C1A}.Release|x64.Build.0 = Release|Any CPU
	EndGlobalSection
	GlobalSection(SolutionProperties) = preSolution
		HideSolutionNode = FALSE
	EndGlobalSection
	GlobalSection(NestedProjects) = preSolution
		{AA5E726A-1F66-4A02-AA92-83166189A991} = {1AB7B224-928C-4A45-9F1B-67693ED318A2}
		{DF9CB678-CC2F-415E-92BD-27D2080AB1D4} = {1AB7B224-928C-4A45-9F1B-67693ED318A2}
	EndGlobalSection
	GlobalSection(ExtensibilityGlobals) = postSolution
		SolutionGuid = {7FD7BB1E-753C-4E8C-82F1-9E593F0A6100}
	EndGlobalSection
EndGlobal
